// !$*UTF8*$!
{
	archiveVersion = 1;
	classes = {
	};
	objectVersion = 46;
	objects = {

/* Begin PBXBuildFile section */
		40B409B41A6A6857006B4B45 /* AppDelegate.swift in Sources */ = {isa = PBXBuildFile; fileRef = 40B409B31A6A6857006B4B45 /* AppDelegate.swift */; };
		40B409B61A6A6857006B4B45 /* ViewController.swift in Sources */ = {isa = PBXBuildFile; fileRef = 40B409B51A6A6857006B4B45 /* ViewController.swift */; };
		40B409B91A6A6857006B4B45 /* Main.storyboard in Resources */ = {isa = PBXBuildFile; fileRef = 40B409B71A6A6857006B4B45 /* Main.storyboard */; };
		40B409BB1A6A6857006B4B45 /* Images.xcassets in Resources */ = {isa = PBXBuildFile; fileRef = 40B409BA1A6A6857006B4B45 /* Images.xcassets */; };
		40B409BE1A6A6857006B4B45 /* LaunchScreen.xib in Resources */ = {isa = PBXBuildFile; fileRef = 40B409BC1A6A6857006B4B45 /* LaunchScreen.xib */; };
		40B409CA1A6A6858006B4B45 /* myFridgeTests.swift in Sources */ = {isa = PBXBuildFile; fileRef = 40B409C91A6A6858006B4B45 /* myFridgeTests.swift */; };
/* End PBXBuildFile section */

/* Begin PBXContainerItemProxy section */
		40B409C41A6A6857006B4B45 /* PBXContainerItemProxy */ = {
			isa = PBXContainerItemProxy;
			containerPortal = 40B409A61A6A6857006B4B45 /* Project object */;
			proxyType = 1;
			remoteGlobalIDString = 40B409AD1A6A6857006B4B45;
			remoteInfo = myFridge;
		};
/* End PBXContainerItemProxy section */

/* Begin PBXFileReference section */
		40B409AE1A6A6857006B4B45 /* myFridge.app */ = {isa = PBXFileReference; explicitFileType = wrapper.application; includeInIndex = 0; path = myFridge.app; sourceTree = BUILT_PRODUCTS_DIR; };
		40B409B21A6A6857006B4B45 /* Info.plist */ = {isa = PBXFileReference; lastKnownFileType = text.plist.xml; path = Info.plist; sourceTree = "<group>"; };
		40B409B31A6A6857006B4B45 /* AppDelegate.swift */ = {isa = PBXFileReference; lastKnownFileType = sourcecode.swift; path = AppDelegate.swift; sourceTree = "<group>"; };
		40B409B51A6A6857006B4B45 /* ViewController.swift */ = {isa = PBXFileReference; lastKnownFileType = sourcecode.swift; path = ViewController.swift; sourceTree = "<group>"; };
		40B409B81A6A6857006B4B45 /* Base */ = {isa = PBXFileReference; lastKnownFileType = file.storyboard; name = Base; path = Base.lproj/Main.storyboard; sourceTree = "<group>"; };
		40B409BA1A6A6857006B4B45 /* Images.xcassets */ = {isa = PBXFileReference; lastKnownFileType = folder.assetcatalog; path = Images.xcassets; sourceTree = "<group>"; };
		40B409BD1A6A6857006B4B45 /* Base */ = {isa = PBXFileReference; lastKnownFileType = file.xib; name = Base; path = Base.lproj/LaunchScreen.xib; sourceTree = "<group>"; };
		40B409C31A6A6857006B4B45 /* myFridgeTests.xctest */ = {isa = PBXFileReference; explicitFileType = wrapper.cfbundle; includeInIndex = 0; path = myFridgeTests.xctest; sourceTree = BUILT_PRODUCTS_DIR; };
		40B409C81A6A6857006B4B45 /* Info.plist */ = {isa = PBXFileReference; lastKnownFileType = text.plist.xml; path = Info.plist; sourceTree = "<group>"; };
		40B409C91A6A6858006B4B45 /* myFridgeTests.swift */ = {isa = PBXFileReference; lastKnownFileType = sourcecode.swift; path = myFridgeTests.swift; sourceTree = "<group>"; };
/* End PBXFileReference section */

/* Begin PBXFrameworksBuildPhase section */
		40B409AB1A6A6857006B4B45 /* Frameworks */ = {
			isa = PBXFrameworksBuildPhase;
			buildActionMask = 2147483647;
			files = (
			);
			runOnlyForDeploymentPostprocessing = 0;
		};
		40B409C01A6A6857006B4B45 /* Frameworks */ = {
			isa = PBXFrameworksBuildPhase;
			buildActionMask = 2147483647;
			files = (
			);
			runOnlyForDeploymentPostprocessing = 0;
		};
/* End PBXFrameworksBuildPhase section */

/* Begin PBXGroup section */
		40B409A51A6A6857006B4B45 = {
			isa = PBXGroup;
			children = (
				40B409B01A6A6857006B4B45 /* myFridge */,
				40B409C61A6A6857006B4B45 /* myFridgeTests */,
				40B409AF1A6A6857006B4B45 /* Products */,
			);
			sourceTree = "<group>";
		};
		40B409AF1A6A6857006B4B45 /* Products */ = {
			isa = PBXGroup;
			children = (
				40B409AE1A6A6857006B4B45 /* myFridge.app */,
				40B409C31A6A6857006B4B45 /* myFridgeTests.xctest */,
			);
			name = Products;
			sourceTree = "<group>";
		};
		40B409B01A6A6857006B4B45 /* myFridge */ = {
			isa = PBXGroup;
			children = (
				40B409B31A6A6857006B4B45 /* AppDelegate.swift */,
				40B409B51A6A6857006B4B45 /* ViewController.swift */,
				40B409B71A6A6857006B4B45 /* Main.storyboard */,
				40B409BA1A6A6857006B4B45 /* Images.xcassets */,
				40B409BC1A6A6857006B4B45 /* LaunchScreen.xib */,
				40B409B11A6A6857006B4B45 /* Supporting Files */,
			);
			path = myFridge;
			sourceTree = "<group>";
		};
		40B409B11A6A6857006B4B45 /* Supporting Files */ = {
			isa = PBXGroup;
			children = (
				40B409B21A6A6857006B4B45 /* Info.plist */,
			);
			name = "Supporting Files";
			sourceTree = "<group>";
		};
		40B409C61A6A6857006B4B45 /* myFridgeTests */ = {
			isa = PBXGroup;
			children = (
				40B409C91A6A6858006B4B45 /* myFridgeTests.swift */,
				40B409C71A6A6857006B4B45 /* Supporting Files */,
			);
			path = myFridgeTests;
			sourceTree = "<group>";
		};
		40B409C71A6A6857006B4B45 /* Supporting Files */ = {
			isa = PBXGroup;
			children = (
				40B409C81A6A6857006B4B45 /* Info.plist */,
			);
			name = "Supporting Files";
			sourceTree = "<group>";
		};
/* End PBXGroup section */

/* Begin PBXNativeTarget section */
		40B409AD1A6A6857006B4B45 /* myFridge */ = {
			isa = PBXNativeTarget;
			buildConfigurationList = 40B409CD1A6A6858006B4B45 /* Build configuration list for PBXNativeTarget "myFridge" */;
			buildPhases = (
				40B409AA1A6A6857006B4B45 /* Sources */,
				40B409AB1A6A6857006B4B45 /* Frameworks */,
				40B409AC1A6A6857006B4B45 /* Resources */,
			);
			buildRules = (
			);
			dependencies = (
			);
			name = myFridge;
			productName = myFridge;
			productReference = 40B409AE1A6A6857006B4B45 /* myFridge.app */;
			productType = "com.apple.product-type.application";
		};
		40B409C21A6A6857006B4B45 /* myFridgeTests */ = {
			isa = PBXNativeTarget;
			buildConfigurationList = 40B409D01A6A6858006B4B45 /* Build configuration list for PBXNativeTarget "myFridgeTests" */;
			buildPhases = (
				40B409BF1A6A6857006B4B45 /* Sources */,
				40B409C01A6A6857006B4B45 /* Frameworks */,
				40B409C11A6A6857006B4B45 /* Resources */,
			);
			buildRules = (
			);
			dependencies = (
				40B409C51A6A6857006B4B45 /* PBXTargetDependency */,
			);
			name = myFridgeTests;
			productName = myFridgeTests;
			productReference = 40B409C31A6A6857006B4B45 /* myFridgeTests.xctest */;
			productType = "com.apple.product-type.bundle.unit-test";
		};
/* End PBXNativeTarget section */

/* Begin PBXProject section */
		40B409A61A6A6857006B4B45 /* Project object */ = {
			isa = PBXProject;
			attributes = {
				LastUpgradeCheck = 0610;
				ORGANIZATIONNAME = "Michael Abdallah-Minciotti";
				TargetAttributes = {
					40B409AD1A6A6857006B4B45 = {
						CreatedOnToolsVersion = 6.1.1;
					};
					40B409C21A6A6857006B4B45 = {
						CreatedOnToolsVersion = 6.1.1;
						TestTargetID = 40B409AD1A6A6857006B4B45;
					};
				};
			};
			buildConfigurationList = 40B409A91A6A6857006B4B45 /* Build configuration list for PBXProject "myFridge" */;
			compatibilityVersion = "Xcode 3.2";
			developmentRegion = English;
			hasScannedForEncodings = 0;
			knownRegions = (
				en,
				Base,
			);
			mainGroup = 40B409A51A6A6857006B4B45;
			productRefGroup = 40B409AF1A6A6857006B4B45 /* Products */;
			projectDirPath = "";
			projectRoot = "";
			targets = (
				40B409AD1A6A6857006B4B45 /* myFridge */,
				40B409C21A6A6857006B4B45 /* myFridgeTests */,
			);
		};
/* End PBXProject section */

/* Begin PBXResourcesBuildPhase section */
		40B409AC1A6A6857006B4B45 /* Resources */ = {
			isa = PBXResourcesBuildPhase;
			buildActionMask = 2147483647;
			files = (
				40B409B91A6A6857006B4B45 /* Main.storyboard in Resources */,
				40B409BE1A6A6857006B4B45 /* LaunchScreen.xib in Resources */,
				40B409BB1A6A6857006B4B45 /* Images.xcassets in Resources */,
			);
			runOnlyForDeploymentPostprocessing = 0;
		};
		40B409C11A6A6857006B4B45 /* Resources */ = {
			isa = PBXResourcesBuildPhase;
			buildActionMask = 2147483647;
			files = (
			);
			runOnlyForDeploymentPostprocessing = 0;
		};
/* End PBXResourcesBuildPhase section */

/* Begin PBXSourcesBuildPhase section */
		40B409AA1A6A6857006B4B45 /* Sources */ = {
			isa = PBXSourcesBuildPhase;
			buildActionMask = 2147483647;
			files = (
				40B409B61A6A6857006B4B45 /* ViewController.swift in Sources */,
				40B409B41A6A6857006B4B45 /* AppDelegate.swift in Sources */,
			);
			runOnlyForDeploymentPostprocessing = 0;
		};
		40B409BF1A6A6857006B4B45 /* Sources */ = {
			isa = PBXSourcesBuildPhase;
			buildActionMask = 2147483647;
			files = (
				40B409CA1A6A6858006B4B45 /* myFridgeTests.swift in Sources */,
			);
			runOnlyForDeploymentPostprocessing = 0;
		};
/* End PBXSourcesBuildPhase section */

/* Begin PBXTargetDependency section */
		40B409C51A6A6857006B4B45 /* PBXTargetDependency */ = {
			isa = PBXTargetDependency;
			target = 40B409AD1A6A6857006B4B45 /* myFridge */;
			targetProxy = 40B409C41A6A6857006B4B45 /* PBXContainerItemProxy */;
		};
/* End PBXTargetDependency section */

/* Begin PBXVariantGroup section */
		40B409B71A6A6857006B4B45 /* Main.storyboard */ = {
			isa = PBXVariantGroup;
			children = (
				40B409B81A6A6857006B4B45 /* Base */,
			);
			name = Main.storyboard;
			sourceTree = "<group>";
		};
		40B409BC1A6A6857006B4B45 /* LaunchScreen.xib */ = {
			isa = PBXVariantGroup;
			children = (
				40B409BD1A6A6857006B4B45 /* Base */,
			);
			name = LaunchScreen.xib;
			sourceTree = "<group>";
		};
/* End PBXVariantGroup section */

/* Begin XCBuildConfiguration section */
		40B409CB1A6A6858006B4B45 /* Debug */ = {
			isa = XCBuildConfiguration;
			buildSettings = {
				ALWAYS_SEARCH_USER_PATHS = NO;
				CLANG_CXX_LANGUAGE_STANDARD = "gnu++0x";
				CLANG_CXX_LIBRARY = "libc++";
				CLANG_ENABLE_MODULES = YES;
				CLANG_ENABLE_OBJC_ARC = YES;
				CLANG_WARN_BOOL_CONVERSION = YES;
				CLANG_WARN_CONSTANT_CONVERSION = YES;
				CLANG_WARN_DIRECT_OBJC_ISA_USAGE = YES_ERROR;
				CLANG_WARN_EMPTY_BODY = YES;
				CLANG_WARN_ENUM_CONVERSION = YES;
				CLANG_WARN_INT_CONVERSION = YES;
				CLANG_WARN_OBJC_ROOT_CLASS = YES_ERROR;
				CLANG_WARN_UNREACHABLE_CODE = YES;
				CLANG_WARN__DUPLICATE_METHOD_MATCH = YES;
				"CODE_SIGN_IDENTITY[sdk=iphoneos*]" = "iPhone Developer";
				COPY_PHASE_STRIP = NO;
				ENABLE_STRICT_OBJC_MSGSEND = YES;
				GCC_C_LANGUAGE_STANDARD = gnu99;
				GCC_DYNAMIC_NO_PIC = NO;
				GCC_OPTIMIZATION_LEVEL = 0;
				GCC_PREPROCESSOR_DEFINITIONS = (
					"DEBUG=1",
					"$(inherited)",
				);
				GCC_SYMBOLS_PRIVATE_EXTERN = NO;
				GCC_WARN_64_TO_32_BIT_CONVERSION = YES;
				GCC_WARN_ABOUT_RETURN_TYPE = YES_ERROR;
				GCC_WARN_UNDECLARED_SELECTOR = YES;
				GCC_WARN_UNINITIALIZED_AUTOS = YES_AGGRESSIVE;
				GCC_WARN_UNUSED_FUNCTION = YES;
				GCC_WARN_UNUSED_VARIABLE = YES;
				IPHONEOS_DEPLOYMENT_TARGET = 8.1;
				MTL_ENABLE_DEBUG_INFO = YES;
				ONLY_ACTIVE_ARCH = YES;
				SDKROOT = iphoneos;
				SWIFT_OPTIMIZATION_LEVEL = "-Onone";
			};
			name = Debug;
		};
		40B409CC1A6A6858006B4B45 /* Release */ = {
			isa = XCBuildConfiguration;
			buildSettings = {
				ALWAYS_SEARCH_USER_PATHS = NO;
				CLANG_CXX_LANGUAGE_STANDARD = "gnu++0x";
				CLANG_CXX_LIBRARY = "libc++";
				CLANG_ENABLE_MODULES = YES;
				CLANG_ENABLE_OBJC_ARC = YES;
				CLANG_WARN_BOOL_CONVERSION = YES;
				CLANG_WARN_CONSTANT_CONVERSION = YES;
				CLANG_WARN_DIRECT_OBJC_ISA_USAGE = YES_ERROR;
				CLANG_WARN_EMPTY_BODY = YES;
				CLANG_WARN_ENUM_CONVERSION = YES;
				CLANG_WARN_INT_CONVERSION = YES;
				CLANG_WARN_OBJC_ROOT_CLASS = YES_ERROR;
				CLANG_WARN_UNREACHABLE_CODE = YES;
				CLANG_WARN__DUPLICATE_METHOD_MATCH = YES;
				"CODE_SIGN_IDENTITY[sdk=iphoneos*]" = "iPhone Developer";
				COPY_PHASE_STRIP = YES;
				ENABLE_NS_ASSERTIONS = NO;
				ENABLE_STRICT_OBJC_MSGSEND = YES;
				GCC_C_LANGUAGE_STANDARD = gnu99;
				GCC_WARN_64_TO_32_BIT_CONVERSION = YES;
				GCC_WARN_ABOUT_RETURN_TYPE = YES_ERROR;
				GCC_WARN_UNDECLARED_SELECTOR = YES;
				GCC_WARN_UNINITIALIZED_AUTOS = YES_AGGRESSIVE;
				GCC_WARN_UNUSED_FUNCTION = YES;
				GCC_WARN_UNUSED_VARIABLE = YES;
				IPHONEOS_DEPLOYMENT_TARGET = 8.1;
				MTL_ENABLE_DEBUG_INFO = NO;
				SDKROOT = iphoneos;
				VALIDATE_PRODUCT = YES;
			};
			name = Release;
		};
		40B409CE1A6A6858006B4B45 /* Debug */ = {
			isa = XCBuildConfiguration;
			buildSettings = {
				ASSETCATALOG_COMPILER_APPICON_NAME = AppIcon;
				INFOPLIST_FILE = myFridge/Info.plist;
				LD_RUNPATH_SEARCH_PATHS = "$(inherited) @executable_path/Frameworks";
				PRODUCT_NAME = "$(TARGET_NAME)";
			};
			name = Debug;
		};
		40B409CF1A6A6858006B4B45 /* Release */ = {
			isa = XCBuildConfiguration;
			buildSettings = {
				ASSETCATALOG_COMPILER_APPICON_NAME = AppIcon;
				INFOPLIST_FILE = myFridge/Info.plist;
				LD_RUNPATH_SEARCH_PATHS = "$(inherited) @executable_path/Frameworks";
				PRODUCT_NAME = "$(TARGET_NAME)";
			};
			name = Release;
		};
		40B409D11A6A6858006B4B45 /* Debug */ = {
			isa = XCBuildConfiguration;
			buildSettings = {
				BUNDLE_LOADER = "$(TEST_HOST)";
				FRAMEWORK_SEARCH_PATHS = (
					"$(SDKROOT)/Developer/Library/Frameworks",
					"$(inherited)",
				);
				GCC_PREPROCESSOR_DEFINITIONS = (
					"DEBUG=1",
					"$(inherited)",
				);
				INFOPLIST_FILE = myFridgeTests/Info.plist;
				LD_RUNPATH_SEARCH_PATHS = "$(inherited) @executable_path/Frameworks @loader_path/Frameworks";
				PRODUCT_NAME = "$(TARGET_NAME)";
				TEST_HOST = "$(BUILT_PRODUCTS_DIR)/myFridge.app/myFridge";
			};
			name = Debug;
		};
		40B409D21A6A6858006B4B45 /* Release */ = {
			isa = XCBuildConfiguration;
			buildSettings = {
				BUNDLE_LOADER = "$(TEST_HOST)";
				FRAMEWORK_SEARCH_PATHS = (
					"$(SDKROOT)/Developer/Library/Frameworks",
					"$(inherited)",
				);
				INFOPLIST_FILE = myFridgeTests/Info.plist;
				LD_RUNPATH_SEARCH_PATHS = "$(inherited) @executable_path/Frameworks @loader_path/Frameworks";
				PRODUCT_NAME = "$(TARGET_NAME)";
				TEST_HOST = "$(BUILT_PRODUCTS_DIR)/myFridge.app/myFridge";
			};
			name = Release;
		};
/* End XCBuildConfiguration section */

/* Begin XCConfigurationList section */
		40B409A91A6A6857006B4B45 /* Build configuration list for PBXProject "myFridge" */ = {
			isa = XCConfigurationList;
			buildConfigurations = (
				40B409CB1A6A6858006B4B45 /* Debug */,
				40B409CC1A6A6858006B4B45 /* Release */,
			);
			defaultConfigurationIsVisible = 0;
			defaultConfigurationName = Release;
		};
		40B409CD1A6A6858006B4B45 /* Build configuration list for PBXNativeTarget "myFridge" */ = {
			isa = XCConfigurationList;
			buildConfigurations = (
				40B409CE1A6A6858006B4B45 /* Debug */,
				40B409CF1A6A6858006B4B45 /* Release */,
			);
			defaultConfigurationIsVisible = 0;
		};
		40B409D01A6A6858006B4B45 /* Build configuration list for PBXNativeTarget "myFridgeTests" */ = {
			isa = XCConfigurationList;
			buildConfigurations = (
				40B409D11A6A6858006B4B45 /* Debug */,
				40B409D21A6A6858006B4B45 /* Release */,
			);
			defaultConfigurationIsVisible = 0;
		};
/* End XCConfigurationList section */
	};
	rootObject = 40B409A61A6A6857006B4B45 /* Project object */;
}
